github.com/caltechlibrary/cli v0.0.17/go.mod h1:9crFPycCNeyTWautZ0t/YjaW8Clsr9uQZfq/SNNwhak=
github.com/caltechlibrary/cli v0.0.18 h1:Z1NjhJ2ar2lWCFlA00wVDa5j0qnsL2XeI/qtgX2wOXU=
github.com/caltechlibrary/cli v0.0.18/go.mod h1:9crFPycCNeyTWautZ0t/YjaW8Clsr9uQZfq/SNNwhak=
github.com/caltechlibrary/crossrefapi v1.0.0 h1:GzEuJkfXhpA/GGQiDQxmKz3p0FCPBjm7fuwfvQi0yR4=
github.com/caltechlibrary/crossrefapi v1.0.0/go.mod h1:r4FOWs1SNtDW45UGKAwC73Ohg4T1sJlVmUrfInrVvi8=
github.com/caltechlibrary/dataciteapi v1.0.1 h1:qFkqdbEOT4trKcpqeLg08NUgDObMOgjAJhegP0sop8Q=
github.com/caltechlibrary/dataciteapi v1.0.1/go.mod h1:T6oYVCoQyHRi/0qPI+K5PM//F7M5YkrHqzVMfrPlsn8=
github.com/caltechlibrary/doitools v0.0.0-20190910184449-c524f84bb2b3/go.mod h1:dBtDM+sEd5W27XSuPTcYGUNmkO9PWJ4JMh5bW1EO8L0=
github.com/caltechlibrary/doitools v0.0.1 h1:c6lvI5l9juo019GGUvuwbzeyv1c6VtSi8mkUv1drgwY=
github.com/caltechlibrary/doitools v0.0.1/go.mod h1:1K36p/UIkIFM0JVaIVtFStKsFu5xjjYWMWAUExmFnP0=
golang.org/x/crypto v0.0.0-20210921155107-089bfa567519 h1:7I4JAnoQBe7ZtJcBaYHi5UtiO8tQHbUSXxL+pnGRANg=
golang.org/x/crypto v0.0.0-20210921155107-089bfa567519/go.mod h1:GvvjBRRGRdwPK5ydBHafDWAxML/pGHZbMvKqRZ5+Abc=
golang.org/x/net v0.0.0-20210226172049-e18ecbb05110/go.mod h1:m0MpNAwzfU5UDzcl9v0D8zg8gWTRqZa9RBIspLL5mdg=
golang.org/x/sys v0.0.0-20201119102817-f84b799fce68/go.mod h1:h1NjWce9XRLGQEsW7wpKNCjG9DtNlClVuFLEZdDNbEs=
golang.org/x/sys v0.0.0-20210615035016-665e8c7367d1 h1:SrN+KX8Art/Sf4HNj6Zcz06G7VEz+7w9tdXTPOZ7+l4=
golang.org/x/sys v0.0.0-20210615035016-665e8c7367d1/go.mod h1:oPkhp1MJrh7nUepCBck5+mAzfO9JrbApNNgaTdGDITg=
golang.org/x/term v0.0.0-20201126162022-7de9c90e9dd1 h1:v+OssWQX+hTHEmOBgwxdZxK4zHq3yOs8F9J7mk0PY8E=
golang.org/x/term v0.0.0-20201126162022-7de9c90e9dd1/go.mod h1:bj7SfCRtBDWHUb9snDiAeCFNEtKQo2Wmx5Cou7ajbmo=
golang.org/x/text v0.3.3/go.mod h1:5Zoc/QRtKVWzQhOtBMvqHzDpF6irO9z98xDceosuGiQ=
golang.org/x/tools v0.0.0-20180917221912-90fa682c2a6e/go.mod h1:n7NCudcB/nEzxVGmLbDWY5pfWTLqBcC2KZ6jyYvM4mQ=
